
Microsoft Visual Studio Solution File, Format Version 12.00
# Visual Studio Version 17
VisualStudioVersion = 17.8.34408.163
MinimumVisualStudioVersion = 10.0.40219.1
Project("{FAE04EC0-301F-11D3-BF4B-00C04F79EFBC}") = "to-do", "to-do\to-do.csproj", "{DD43DB63-F94C-4AB7-B373-204D813CA3E4}"
EndProject
Global
	GlobalSection(SolutionConfigurationPlatforms) = preSolution
		Debug|Any CPU = Debug|Any CPU
		Release|Any CPU = Release|Any CPU
	EndGlobalSection
	GlobalSection(ProjectConfigurationPlatforms) = postSolution
		{DD43DB63-F94C-4AB7-B373-204D813CA3E4}.Debug|Any CPU.ActiveCfg = Debug|Any CPU
		{DD43DB63-F94C-4AB7-B373-204D813CA3E4}.Debug|Any CPU.Build.0 = Debug|Any CPU
		{DD43DB63-F94C-4AB7-B373-204D813CA3E4}.Release|Any CPU.ActiveCfg = Release|Any CPU
		{DD43DB63-F94C-4AB7-B373-204D813CA3E4}.Release|Any CPU.Build.0 = Release|Any CPU
	EndGlobalSection
	GlobalSection(SolutionProperties) = preSolution
		HideSolutionNode = FALSE
	EndGlobalSection
	GlobalSection(ExtensibilityGlobals) = postSolution
		SolutionGuid = {63D972BE-EF18-4B33-8375-162CD3824AE2}
	EndGlobalSection
EndGlobal
